{
  "name": "ajs-node",
  "version": "1.0.0",
  "lockfileVersion": 2,
  "requires": true,
  "packages": {
    "": {
      "name": "ajs-node",
      "version": "1.0.0",
      "license": "ISC",
      "dependencies": {
        "@oleg-omon/ajs": "^1.0.0"
      }
    },
    "node_modules/@oleg-omon/ajs": {
      "version": "1.0.0",
      "resolved": "https://npm.pkg.github.com/download/@oleg-omon/ajs/1.0.0/d1ef66058acace8fbc6179895d175dbeae39628171b96ff5737c705b016d15a5",
      "integrity": "sha512-wa030bJO/xd7gge6tjiQ564xzNvsdsk7xhpnoy2VwU0+xmQ/TU2LK8K6wz20EwLw5n2Z0SNQIrsEPTkmVhyxwA==",
      "license": "ISC"
    }
  },
  "dependencies": {
    "@oleg-omon/ajs": {
      "version": "1.0.0",
      "resolved": "https://npm.pkg.github.com/download/@oleg-omon/ajs/1.0.0/d1ef66058acace8fbc6179895d175dbeae39628171b96ff5737c705b016d15a5",
      "integrity": "sha512-wa030bJO/xd7gge6tjiQ564xzNvsdsk7xhpnoy2VwU0+xmQ/TU2LK8K6wz20EwLw5n2Z0SNQIrsEPTkmVhyxwA=="
    }
  }
}
